{
  "name": "front-end",
  "lockfileVersion": 3,
  "requires": true,
  "packages": {
    "": {
      "dependencies": {
        "wgpu-matrix": "^3.4.0"
      }
    },
    "node_modules/wgpu-matrix": {
      "version": "3.4.0",
      "resolved": "https://registry.npmjs.org/wgpu-matrix/-/wgpu-matrix-3.4.0.tgz",
      "integrity": "sha512-kXHrbAPKEn9A32Wf4wVldyx9MmnzwhuB5p8GCqoJP3ItU5+iDT4J3aTQwPZWkfb153hwGtqZtUwR2M+ipJKadg==",
      "license": "MIT"
    }
  }
}
